
Microsoft Visual Studio Solution File, Format Version 12.00
# Visual Studio 15
VisualStudioVersion = 15.0.28307.271
MinimumVisualStudioVersion = 10.0.40219.1
Project("{FAE04EC0-301F-11D3-BF4B-00C04F79EFBC}") = "DayNightPapers", "DayNightPapers\DayNightPapers.csproj", "{796E5CD8-5CC7-44E1-A338-EED3D189506B}"
EndProject
Project("{FAE04EC0-301F-11D3-BF4B-00C04F79EFBC}") = "WallpaperLib", "WallpaperLib\WallpaperLib.csproj", "{B4EC0ABE-302B-4787-962F-0933247B7B6C}"
EndProject
Project("{FAE04EC0-301F-11D3-BF4B-00C04F79EFBC}") = "PracticalTesting", "PracticalTesting\PracticalTesting.csproj", "{1A9CD66B-5A94-45DA-9D30-28C0B0ADB0B8}"
EndProject
Project("{FAE04EC0-301F-11D3-BF4B-00C04F79EFBC}") = "SunData", "SunTime\SunData.csproj", "{742CFFED-D23C-448C-BDAB-C9FF09281B61}"
EndProject
Global
	GlobalSection(SolutionConfigurationPlatforms) = preSolution
		Debug|Any CPU = Debug|Any CPU
		Release|Any CPU = Release|Any CPU
	EndGlobalSection
	GlobalSection(ProjectConfigurationPlatforms) = postSolution
		{796E5CD8-5CC7-44E1-A338-EED3D189506B}.Debug|Any CPU.ActiveCfg = Debug|Any CPU
		{796E5CD8-5CC7-44E1-A338-EED3D189506B}.Debug|Any CPU.Build.0 = Debug|Any CPU
		{796E5CD8-5CC7-44E1-A338-EED3D189506B}.Release|Any CPU.ActiveCfg = Release|Any CPU
		{796E5CD8-5CC7-44E1-A338-EED3D189506B}.Release|Any CPU.Build.0 = Release|Any CPU
		{B4EC0ABE-302B-4787-962F-0933247B7B6C}.Debug|Any CPU.ActiveCfg = Debug|Any CPU
		{B4EC0ABE-302B-4787-962F-0933247B7B6C}.Debug|Any CPU.Build.0 = Debug|Any CPU
		{B4EC0ABE-302B-4787-962F-0933247B7B6C}.Release|Any CPU.ActiveCfg = Release|Any CPU
		{B4EC0ABE-302B-4787-962F-0933247B7B6C}.Release|Any CPU.Build.0 = Release|Any CPU
		{1A9CD66B-5A94-45DA-9D30-28C0B0ADB0B8}.Debug|Any CPU.ActiveCfg = Debug|Any CPU
		{1A9CD66B-5A94-45DA-9D30-28C0B0ADB0B8}.Debug|Any CPU.Build.0 = Debug|Any CPU
		{1A9CD66B-5A94-45DA-9D30-28C0B0ADB0B8}.Release|Any CPU.ActiveCfg = Release|Any CPU
		{1A9CD66B-5A94-45DA-9D30-28C0B0ADB0B8}.Release|Any CPU.Build.0 = Release|Any CPU
		{742CFFED-D23C-448C-BDAB-C9FF09281B61}.Debug|Any CPU.ActiveCfg = Debug|Any CPU
		{742CFFED-D23C-448C-BDAB-C9FF09281B61}.Debug|Any CPU.Build.0 = Debug|Any CPU
		{742CFFED-D23C-448C-BDAB-C9FF09281B61}.Release|Any CPU.ActiveCfg = Release|Any CPU
		{742CFFED-D23C-448C-BDAB-C9FF09281B61}.Release|Any CPU.Build.0 = Release|Any CPU
	EndGlobalSection
	GlobalSection(SolutionProperties) = preSolution
		HideSolutionNode = FALSE
	EndGlobalSection
	GlobalSection(ExtensibilityGlobals) = postSolution
		SolutionGuid = {F392E088-9E41-48C7-BF34-41E08C8B9A41}
	EndGlobalSection
EndGlobal
